
Microsoft Visual Studio Solution File, Format Version 12.00
# Visual Studio Version 17
VisualStudioVersion = 17.9.34701.34
MinimumVisualStudioVersion = 10.0.40219.1
Project("{FAE04EC0-301F-11D3-BF4B-00C04F79EFBC}") = "InsBarrera", "InsBarrera\InsBarrera.csproj", "{AA006995-D04B-4DEE-A55D-A2082CD49D83}"
EndProject
Project("{FAE04EC0-301F-11D3-BF4B-00C04F79EFBC}") = "Datos", "Datos\Datos.csproj", "{D5F76076-BD91-4D03-9E13-959A101242E0}"
EndProject
Project("{FAE04EC0-301F-11D3-BF4B-00C04F79EFBC}") = "Modelo", "Modelo\Modelo.csproj", "{DC1EBCC3-C42B-48F6-8013-13FD53FCCAC3}"
EndProject
Global
	GlobalSection(SolutionConfigurationPlatforms) = preSolution
		Debug|Any CPU = Debug|Any CPU
		Release|Any CPU = Release|Any CPU
	EndGlobalSection
	GlobalSection(ProjectConfigurationPlatforms) = postSolution
		{AA006995-D04B-4DEE-A55D-A2082CD49D83}.Debug|Any CPU.ActiveCfg = Debug|Any CPU
		{AA006995-D04B-4DEE-A55D-A2082CD49D83}.Debug|Any CPU.Build.0 = Debug|Any CPU
		{AA006995-D04B-4DEE-A55D-A2082CD49D83}.Release|Any CPU.ActiveCfg = Release|Any CPU
		{AA006995-D04B-4DEE-A55D-A2082CD49D83}.Release|Any CPU.Build.0 = Release|Any CPU
		{D5F76076-BD91-4D03-9E13-959A101242E0}.Debug|Any CPU.ActiveCfg = Debug|Any CPU
		{D5F76076-BD91-4D03-9E13-959A101242E0}.Debug|Any CPU.Build.0 = Debug|Any CPU
		{D5F76076-BD91-4D03-9E13-959A101242E0}.Release|Any CPU.ActiveCfg = Release|Any CPU
		{D5F76076-BD91-4D03-9E13-959A101242E0}.Release|Any CPU.Build.0 = Release|Any CPU
		{DC1EBCC3-C42B-48F6-8013-13FD53FCCAC3}.Debug|Any CPU.ActiveCfg = Debug|Any CPU
		{DC1EBCC3-C42B-48F6-8013-13FD53FCCAC3}.Debug|Any CPU.Build.0 = Debug|Any CPU
		{DC1EBCC3-C42B-48F6-8013-13FD53FCCAC3}.Release|Any CPU.ActiveCfg = Release|Any CPU
		{DC1EBCC3-C42B-48F6-8013-13FD53FCCAC3}.Release|Any CPU.Build.0 = Release|Any CPU
	EndGlobalSection
	GlobalSection(SolutionProperties) = preSolution
		HideSolutionNode = FALSE
	EndGlobalSection
	GlobalSection(ExtensibilityGlobals) = postSolution
		SolutionGuid = {5F5422B1-EF3D-4238-A0F5-AA8BC12F1020}
	EndGlobalSection
EndGlobal
